{
  "name": "iot-site",
  "version": "1.0.0",
  "lockfileVersion": 1,
  "requires": true,
  "dependencies": {
    "nmea-simple": {
      "version": "3.2.0",
      "resolved": "https://registry.npmjs.org/nmea-simple/-/nmea-simple-3.2.0.tgz",
      "integrity": "sha512-drQXbViwZjdA8mPMOtVvf/SkpiyEwPu3IVoRR1sMZtLrV/NqcZcgZ+EKAl8bouKjIEEP+N43T4WuZ6hXIa6nHw=="
    }
  }
}
